
Microsoft Visual Studio Solution File, Format Version 12.00
# Visual Studio Version 17
VisualStudioVersion = 17.3.32929.385
MinimumVisualStudioVersion = 10.0.40219.1
Project("{FAE04EC0-301F-11D3-BF4B-00C04F79EFBC}") = "readingTextFile_alfapet", "readingTextFile_alfapet\readingTextFile_alfapet.csproj", "{1C2521FC-FF91-46EB-8ECF-CBF50F5B232D}"
EndProject
Global
	GlobalSection(SolutionConfigurationPlatforms) = preSolution
		Debug|Any CPU = Debug|Any CPU
		Release|Any CPU = Release|Any CPU
	EndGlobalSection
	GlobalSection(ProjectConfigurationPlatforms) = postSolution
		{1C2521FC-FF91-46EB-8ECF-CBF50F5B232D}.Debug|Any CPU.ActiveCfg = Debug|Any CPU
		{1C2521FC-FF91-46EB-8ECF-CBF50F5B232D}.Debug|Any CPU.Build.0 = Debug|Any CPU
		{1C2521FC-FF91-46EB-8ECF-CBF50F5B232D}.Release|Any CPU.ActiveCfg = Release|Any CPU
		{1C2521FC-FF91-46EB-8ECF-CBF50F5B232D}.Release|Any CPU.Build.0 = Release|Any CPU
	EndGlobalSection
	GlobalSection(SolutionProperties) = preSolution
		HideSolutionNode = FALSE
	EndGlobalSection
	GlobalSection(ExtensibilityGlobals) = postSolution
		SolutionGuid = {D4C56D0D-DF1E-46DD-A4D2-AED5FA5C3753}
	EndGlobalSection
EndGlobal
